// !$*UTF8*$!
{
	archiveVersion = 1;
	classes = {
	};
	objectVersion = 50;
	objects = {

/* Begin PBXBuildFile section */
		CA47C1FE24B7086100B9C828 /* main.cpp in Sources */ = {isa = PBXBuildFile; fileRef = CA47C1FD24B7086100B9C828 /* main.cpp */; };
		CA47C20724B7091D00B9C828 /* aarc.cpp in Sources */ = {isa = PBXBuildFile; fileRef = CA47C20524B7091D00B9C828 /* aarc.cpp */; };
		CA47C20A24C2D20E00B9C828 /* async_semaphore.cpp in Sources */ = {isa = PBXBuildFile; fileRef = CA47C20824C2D20E00B9C828 /* async_semaphore.cpp */; };
		CA94A43424DE259E009B692E /* corrode.cpp in Sources */ = {isa = PBXBuildFile; fileRef = CA94A43224DE259E009B692E /* corrode.cpp */; };
		CA94A43A24DF802D009B692E /* atomic_wait.cpp in Sources */ = {isa = PBXBuildFile; fileRef = CA94A43924DF802D009B692E /* atomic_wait.cpp */; };
		CA94A43D24E15635009B692E /* reactor.cpp in Sources */ = {isa = PBXBuildFile; fileRef = CA94A43B24E15635009B692E /* reactor.cpp */; };
		CA94A44024E15643009B692E /* pool.cpp in Sources */ = {isa = PBXBuildFile; fileRef = CA94A43E24E15643009B692E /* pool.cpp */; };
		CA94A44324E2F3AA009B692E /* fn.cpp in Sources */ = {isa = PBXBuildFile; fileRef = CA94A44124E2F3AA009B692E /* fn.cpp */; };
		CA94A44624E2F3E5009B692E /* maybe.cpp in Sources */ = {isa = PBXBuildFile; fileRef = CA94A44424E2F3E5009B692E /* maybe.cpp */; };
		CA94A44924E402A5009B692E /* atomic.cpp in Sources */ = {isa = PBXBuildFile; fileRef = CA94A44724E402A5009B692E /* atomic.cpp */; };
		CA94A44C24E4030A009B692E /* stack.cpp in Sources */ = {isa = PBXBuildFile; fileRef = CA94A44A24E4030A009B692E /* stack.cpp */; };
		CA94A44F24E40824009B692E /* queue.cpp in Sources */ = {isa = PBXBuildFile; fileRef = CA94A44D24E40823009B692E /* queue.cpp */; };
		CA94A45224E40864009B692E /* accountant.cpp in Sources */ = {isa = PBXBuildFile; fileRef = CA94A45024E40864009B692E /* accountant.cpp */; };
		CA94A45524E50BEA009B692E /* mutex.cpp in Sources */ = {isa = PBXBuildFile; fileRef = CA94A45324E50BEA009B692E /* mutex.cpp */; };
		CA94A45824E5107F009B692E /* dual.cpp in Sources */ = {isa = PBXBuildFile; fileRef = CA94A45624E5107F009B692E /* dual.cpp */; };
/* End PBXBuildFile section */

/* Begin PBXCopyFilesBuildPhase section */
		CA47C1F824B7086100B9C828 /* CopyFiles */ = {
			isa = PBXCopyFilesBuildPhase;
			buildActionMask = 2147483647;
			dstPath = /usr/share/man/man1/;
			dstSubfolderSpec = 0;
			files = (
			);
			runOnlyForDeploymentPostprocessing = 1;
		};
/* End PBXCopyFilesBuildPhase section */

/* Begin PBXFileReference section */
		CA47C1FA24B7086100B9C828 /* aarc */ = {isa = PBXFileReference; explicitFileType = "compiled.mach-o.executable"; includeInIndex = 0; path = aarc; sourceTree = BUILT_PRODUCTS_DIR; };
		CA47C1FD24B7086100B9C828 /* main.cpp */ = {isa = PBXFileReference; lastKnownFileType = sourcecode.cpp.cpp; path = main.cpp; sourceTree = "<group>"; };
		CA47C20424B708D300B9C828 /* catch.hpp */ = {isa = PBXFileReference; fileEncoding = 4; lastKnownFileType = sourcecode.cpp.h; path = catch.hpp; sourceTree = "<group>"; };
		CA47C20524B7091D00B9C828 /* aarc.cpp */ = {isa = PBXFileReference; lastKnownFileType = sourcecode.cpp.cpp; path = aarc.cpp; sourceTree = "<group>"; };
		CA47C20624B7091D00B9C828 /* aarc.hpp */ = {isa = PBXFileReference; lastKnownFileType = sourcecode.cpp.h; path = aarc.hpp; sourceTree = "<group>"; };
		CA47C20824C2D20E00B9C828 /* async_semaphore.cpp */ = {isa = PBXFileReference; lastKnownFileType = sourcecode.cpp.cpp; path = async_semaphore.cpp; sourceTree = "<group>"; };
		CA47C20924C2D20E00B9C828 /* async_semaphore.hpp */ = {isa = PBXFileReference; lastKnownFileType = sourcecode.cpp.h; path = async_semaphore.hpp; sourceTree = "<group>"; };
		CA94A43224DE259E009B692E /* corrode.cpp */ = {isa = PBXFileReference; lastKnownFileType = sourcecode.cpp.cpp; path = corrode.cpp; sourceTree = "<group>"; };
		CA94A43324DE259E009B692E /* corrode.hpp */ = {isa = PBXFileReference; lastKnownFileType = sourcecode.cpp.h; path = corrode.hpp; sourceTree = "<group>"; };
		CA94A43824DF802D009B692E /* atomic_wait.hpp */ = {isa = PBXFileReference; fileEncoding = 4; lastKnownFileType = sourcecode.cpp.h; path = atomic_wait.hpp; sourceTree = "<group>"; };
		CA94A43924DF802D009B692E /* atomic_wait.cpp */ = {isa = PBXFileReference; fileEncoding = 4; lastKnownFileType = sourcecode.cpp.cpp; path = atomic_wait.cpp; sourceTree = "<group>"; };
		CA94A43B24E15635009B692E /* reactor.cpp */ = {isa = PBXFileReference; lastKnownFileType = sourcecode.cpp.cpp; path = reactor.cpp; sourceTree = "<group>"; };
		CA94A43C24E15635009B692E /* reactor.hpp */ = {isa = PBXFileReference; lastKnownFileType = sourcecode.cpp.h; path = reactor.hpp; sourceTree = "<group>"; };
		CA94A43E24E15643009B692E /* pool.cpp */ = {isa = PBXFileReference; lastKnownFileType = sourcecode.cpp.cpp; path = pool.cpp; sourceTree = "<group>"; };
		CA94A43F24E15643009B692E /* pool.hpp */ = {isa = PBXFileReference; lastKnownFileType = sourcecode.cpp.h; path = pool.hpp; sourceTree = "<group>"; };
		CA94A44124E2F3AA009B692E /* fn.cpp */ = {isa = PBXFileReference; lastKnownFileType = sourcecode.cpp.cpp; path = fn.cpp; sourceTree = "<group>"; };
		CA94A44224E2F3AA009B692E /* fn.hpp */ = {isa = PBXFileReference; lastKnownFileType = sourcecode.cpp.h; path = fn.hpp; sourceTree = "<group>"; };
		CA94A44424E2F3E5009B692E /* maybe.cpp */ = {isa = PBXFileReference; lastKnownFileType = sourcecode.cpp.cpp; path = maybe.cpp; sourceTree = "<group>"; };
		CA94A44524E2F3E5009B692E /* maybe.hpp */ = {isa = PBXFileReference; lastKnownFileType = sourcecode.cpp.h; path = maybe.hpp; sourceTree = "<group>"; };
		CA94A44724E402A5009B692E /* atomic.cpp */ = {isa = PBXFileReference; lastKnownFileType = sourcecode.cpp.cpp; path = atomic.cpp; sourceTree = "<group>"; };
		CA94A44824E402A5009B692E /* atomic.hpp */ = {isa = PBXFileReference; lastKnownFileType = sourcecode.cpp.h; path = atomic.hpp; sourceTree = "<group>"; };
		CA94A44A24E4030A009B692E /* stack.cpp */ = {isa = PBXFileReference; lastKnownFileType = sourcecode.cpp.cpp; path = stack.cpp; sourceTree = "<group>"; };
		CA94A44B24E4030A009B692E /* stack.hpp */ = {isa = PBXFileReference; lastKnownFileType = sourcecode.cpp.h; path = stack.hpp; sourceTree = "<group>"; };
		CA94A44D24E40823009B692E /* queue.cpp */ = {isa = PBXFileReference; lastKnownFileType = sourcecode.cpp.cpp; path = queue.cpp; sourceTree = "<group>"; };
		CA94A44E24E40824009B692E /* queue.hpp */ = {isa = PBXFileReference; lastKnownFileType = sourcecode.cpp.h; path = queue.hpp; sourceTree = "<group>"; };
		CA94A45024E40864009B692E /* accountant.cpp */ = {isa = PBXFileReference; lastKnownFileType = sourcecode.cpp.cpp; path = accountant.cpp; sourceTree = "<group>"; };
		CA94A45124E40864009B692E /* accountant.hpp */ = {isa = PBXFileReference; lastKnownFileType = sourcecode.cpp.h; path = accountant.hpp; sourceTree = "<group>"; };
		CA94A45324E50BEA009B692E /* mutex.cpp */ = {isa = PBXFileReference; lastKnownFileType = sourcecode.cpp.cpp; path = mutex.cpp; sourceTree = "<group>"; };
		CA94A45424E50BEA009B692E /* mutex.hpp */ = {isa = PBXFileReference; lastKnownFileType = sourcecode.cpp.h; path = mutex.hpp; sourceTree = "<group>"; };
		CA94A45624E5107F009B692E /* dual.cpp */ = {isa = PBXFileReference; lastKnownFileType = sourcecode.cpp.cpp; path = dual.cpp; sourceTree = "<group>"; };
		CA94A45724E5107F009B692E /* dual.hpp */ = {isa = PBXFileReference; lastKnownFileType = sourcecode.cpp.h; path = dual.hpp; sourceTree = "<group>"; };
/* End PBXFileReference section */

/* Begin PBXFrameworksBuildPhase section */
		CA47C1F724B7086100B9C828 /* Frameworks */ = {
			isa = PBXFrameworksBuildPhase;
			buildActionMask = 2147483647;
			files = (
			);
			runOnlyForDeploymentPostprocessing = 0;
		};
/* End PBXFrameworksBuildPhase section */

/* Begin PBXGroup section */
		CA47C1F124B7086100B9C828 = {
			isa = PBXGroup;
			children = (
				CA47C1FC24B7086100B9C828 /* aarc */,
				CA47C1FB24B7086100B9C828 /* Products */,
			);
			sourceTree = "<group>";
		};
		CA47C1FB24B7086100B9C828 /* Products */ = {
			isa = PBXGroup;
			children = (
				CA47C1FA24B7086100B9C828 /* aarc */,
			);
			name = Products;
			sourceTree = "<group>";
		};
		CA47C1FC24B7086100B9C828 /* aarc */ = {
			isa = PBXGroup;
			children = (
				CA47C20524B7091D00B9C828 /* aarc.cpp */,
				CA47C20624B7091D00B9C828 /* aarc.hpp */,
				CA94A45024E40864009B692E /* accountant.cpp */,
				CA94A45124E40864009B692E /* accountant.hpp */,
				CA47C20824C2D20E00B9C828 /* async_semaphore.cpp */,
				CA47C20924C2D20E00B9C828 /* async_semaphore.hpp */,
				CA94A43924DF802D009B692E /* atomic_wait.cpp */,
				CA94A43824DF802D009B692E /* atomic_wait.hpp */,
				CA94A44724E402A5009B692E /* atomic.cpp */,
				CA94A44824E402A5009B692E /* atomic.hpp */,
				CA47C20424B708D300B9C828 /* catch.hpp */,
				CA94A43224DE259E009B692E /* corrode.cpp */,
				CA94A43324DE259E009B692E /* corrode.hpp */,
				CA94A45624E5107F009B692E /* dual.cpp */,
				CA94A45724E5107F009B692E /* dual.hpp */,
				CA94A44124E2F3AA009B692E /* fn.cpp */,
				CA94A44224E2F3AA009B692E /* fn.hpp */,
				CA47C1FD24B7086100B9C828 /* main.cpp */,
				CA94A44424E2F3E5009B692E /* maybe.cpp */,
				CA94A44524E2F3E5009B692E /* maybe.hpp */,
				CA94A45324E50BEA009B692E /* mutex.cpp */,
				CA94A45424E50BEA009B692E /* mutex.hpp */,
				CA94A43E24E15643009B692E /* pool.cpp */,
				CA94A43F24E15643009B692E /* pool.hpp */,
				CA94A44D24E40823009B692E /* queue.cpp */,
				CA94A44E24E40824009B692E /* queue.hpp */,
				CA94A43B24E15635009B692E /* reactor.cpp */,
				CA94A43C24E15635009B692E /* reactor.hpp */,
				CA94A44A24E4030A009B692E /* stack.cpp */,
				CA94A44B24E4030A009B692E /* stack.hpp */,
			);
			path = aarc;
			sourceTree = "<group>";
		};
/* End PBXGroup section */

/* Begin PBXNativeTarget section */
		CA47C1F924B7086100B9C828 /* aarc */ = {
			isa = PBXNativeTarget;
			buildConfigurationList = CA47C20124B7086100B9C828 /* Build configuration list for PBXNativeTarget "aarc" */;
			buildPhases = (
				CA47C1F624B7086100B9C828 /* Sources */,
				CA47C1F724B7086100B9C828 /* Frameworks */,
				CA47C1F824B7086100B9C828 /* CopyFiles */,
			);
			buildRules = (
			);
			dependencies = (
			);
			name = aarc;
			productName = aarc;
			productReference = CA47C1FA24B7086100B9C828 /* aarc */;
			productType = "com.apple.product-type.tool";
		};
/* End PBXNativeTarget section */

/* Begin PBXProject section */
		CA47C1F224B7086100B9C828 /* Project object */ = {
			isa = PBXProject;
			attributes = {
				LastUpgradeCheck = 1150;
				ORGANIZATIONNAME = "Antony Searle";
				TargetAttributes = {
					CA47C1F924B7086100B9C828 = {
						CreatedOnToolsVersion = 11.5;
					};
				};
			};
			buildConfigurationList = CA47C1F524B7086100B9C828 /* Build configuration list for PBXProject "aarc" */;
			compatibilityVersion = "Xcode 9.3";
			developmentRegion = en;
			hasScannedForEncodings = 0;
			knownRegions = (
				en,
				Base,
			);
			mainGroup = CA47C1F124B7086100B9C828;
			productRefGroup = CA47C1FB24B7086100B9C828 /* Products */;
			projectDirPath = "";
			projectRoot = "";
			targets = (
				CA47C1F924B7086100B9C828 /* aarc */,
			);
		};
/* End PBXProject section */

/* Begin PBXSourcesBuildPhase section */
		CA47C1F624B7086100B9C828 /* Sources */ = {
			isa = PBXSourcesBuildPhase;
			buildActionMask = 2147483647;
			files = (
				CA94A44624E2F3E5009B692E /* maybe.cpp in Sources */,
				CA47C20A24C2D20E00B9C828 /* async_semaphore.cpp in Sources */,
				CA94A43424DE259E009B692E /* corrode.cpp in Sources */,
				CA94A45224E40864009B692E /* accountant.cpp in Sources */,
				CA94A44324E2F3AA009B692E /* fn.cpp in Sources */,
				CA94A44C24E4030A009B692E /* stack.cpp in Sources */,
				CA94A43D24E15635009B692E /* reactor.cpp in Sources */,
				CA94A44024E15643009B692E /* pool.cpp in Sources */,
				CA94A45824E5107F009B692E /* dual.cpp in Sources */,
				CA94A44924E402A5009B692E /* atomic.cpp in Sources */,
				CA47C20724B7091D00B9C828 /* aarc.cpp in Sources */,
				CA94A43A24DF802D009B692E /* atomic_wait.cpp in Sources */,
				CA47C1FE24B7086100B9C828 /* main.cpp in Sources */,
				CA94A44F24E40824009B692E /* queue.cpp in Sources */,
				CA94A45524E50BEA009B692E /* mutex.cpp in Sources */,
			);
			runOnlyForDeploymentPostprocessing = 0;
		};
/* End PBXSourcesBuildPhase section */

/* Begin XCBuildConfiguration section */
		CA47C1FF24B7086100B9C828 /* Debug */ = {
			isa = XCBuildConfiguration;
			buildSettings = {
				ALWAYS_SEARCH_USER_PATHS = NO;
				CLANG_ANALYZER_NONNULL = YES;
				CLANG_ANALYZER_NUMBER_OBJECT_CONVERSION = YES_AGGRESSIVE;
				CLANG_CXX_LANGUAGE_STANDARD = "c++17";
				CLANG_CXX_LIBRARY = "libc++";
				CLANG_ENABLE_MODULES = YES;
				CLANG_ENABLE_OBJC_ARC = YES;
				CLANG_ENABLE_OBJC_WEAK = YES;
				CLANG_WARN_BLOCK_CAPTURE_AUTORELEASING = YES;
				CLANG_WARN_BOOL_CONVERSION = YES;
				CLANG_WARN_COMMA = YES;
				CLANG_WARN_CONSTANT_CONVERSION = YES;
				CLANG_WARN_DEPRECATED_OBJC_IMPLEMENTATIONS = YES;
				CLANG_WARN_DIRECT_OBJC_ISA_USAGE = YES_ERROR;
				CLANG_WARN_DOCUMENTATION_COMMENTS = YES;
				CLANG_WARN_EMPTY_BODY = YES;
				CLANG_WARN_ENUM_CONVERSION = YES;
				CLANG_WARN_INFINITE_RECURSION = YES;
				CLANG_WARN_INT_CONVERSION = YES;
				CLANG_WARN_NON_LITERAL_NULL_CONVERSION = YES;
				CLANG_WARN_OBJC_IMPLICIT_RETAIN_SELF = YES;
				CLANG_WARN_OBJC_LITERAL_CONVERSION = YES;
				CLANG_WARN_OBJC_ROOT_CLASS = YES_ERROR;
				CLANG_WARN_RANGE_LOOP_ANALYSIS = YES;
				CLANG_WARN_STRICT_PROTOTYPES = YES;
				CLANG_WARN_SUSPICIOUS_MOVE = YES;
				CLANG_WARN_UNGUARDED_AVAILABILITY = YES_AGGRESSIVE;
				CLANG_WARN_UNREACHABLE_CODE = YES;
				CLANG_WARN__DUPLICATE_METHOD_MATCH = YES;
				COPY_PHASE_STRIP = NO;
				DEBUG_INFORMATION_FORMAT = dwarf;
				ENABLE_STRICT_OBJC_MSGSEND = YES;
				ENABLE_TESTABILITY = YES;
				GCC_C_LANGUAGE_STANDARD = c11;
				GCC_DYNAMIC_NO_PIC = NO;
				GCC_NO_COMMON_BLOCKS = YES;
				GCC_OPTIMIZATION_LEVEL = 0;
				GCC_PREPROCESSOR_DEFINITIONS = (
					"DEBUG=1",
					"$(inherited)",
				);
				GCC_WARN_64_TO_32_BIT_CONVERSION = YES;
				GCC_WARN_ABOUT_RETURN_TYPE = YES_ERROR;
				GCC_WARN_UNDECLARED_SELECTOR = YES;
				GCC_WARN_UNINITIALIZED_AUTOS = YES_AGGRESSIVE;
				GCC_WARN_UNUSED_FUNCTION = YES;
				GCC_WARN_UNUSED_VARIABLE = YES;
				MACOSX_DEPLOYMENT_TARGET = 10.15;
				MTL_ENABLE_DEBUG_INFO = INCLUDE_SOURCE;
				MTL_FAST_MATH = YES;
				ONLY_ACTIVE_ARCH = YES;
				OTHER_CPLUSPLUSFLAGS = (
					"$(OTHER_CFLAGS)",
					"-fcoroutines-ts",
					"-D__NO_SPIN",
				);
				SDKROOT = macosx;
			};
			name = Debug;
		};
		CA47C20024B7086100B9C828 /* Release */ = {
			isa = XCBuildConfiguration;
			buildSettings = {
				ALWAYS_SEARCH_USER_PATHS = NO;
				CLANG_ANALYZER_NONNULL = YES;
				CLANG_ANALYZER_NUMBER_OBJECT_CONVERSION = YES_AGGRESSIVE;
				CLANG_CXX_LANGUAGE_STANDARD = "c++17";
				CLANG_CXX_LIBRARY = "libc++";
				CLANG_ENABLE_MODULES = YES;
				CLANG_ENABLE_OBJC_ARC = YES;
				CLANG_ENABLE_OBJC_WEAK = YES;
				CLANG_WARN_BLOCK_CAPTURE_AUTORELEASING = YES;
				CLANG_WARN_BOOL_CONVERSION = YES;
				CLANG_WARN_COMMA = YES;
				CLANG_WARN_CONSTANT_CONVERSION = YES;
				CLANG_WARN_DEPRECATED_OBJC_IMPLEMENTATIONS = YES;
				CLANG_WARN_DIRECT_OBJC_ISA_USAGE = YES_ERROR;
				CLANG_WARN_DOCUMENTATION_COMMENTS = YES;
				CLANG_WARN_EMPTY_BODY = YES;
				CLANG_WARN_ENUM_CONVERSION = YES;
				CLANG_WARN_INFINITE_RECURSION = YES;
				CLANG_WARN_INT_CONVERSION = YES;
				CLANG_WARN_NON_LITERAL_NULL_CONVERSION = YES;
				CLANG_WARN_OBJC_IMPLICIT_RETAIN_SELF = YES;
				CLANG_WARN_OBJC_LITERAL_CONVERSION = YES;
				CLANG_WARN_OBJC_ROOT_CLASS = YES_ERROR;
				CLANG_WARN_RANGE_LOOP_ANALYSIS = YES;
				CLANG_WARN_STRICT_PROTOTYPES = YES;
				CLANG_WARN_SUSPICIOUS_MOVE = YES;
				CLANG_WARN_UNGUARDED_AVAILABILITY = YES_AGGRESSIVE;
				CLANG_WARN_UNREACHABLE_CODE = YES;
				CLANG_WARN__DUPLICATE_METHOD_MATCH = YES;
				COPY_PHASE_STRIP = NO;
				DEBUG_INFORMATION_FORMAT = "dwarf-with-dsym";
				ENABLE_NS_ASSERTIONS = NO;
				ENABLE_STRICT_OBJC_MSGSEND = YES;
				GCC_C_LANGUAGE_STANDARD = c11;
				GCC_NO_COMMON_BLOCKS = YES;
				GCC_WARN_64_TO_32_BIT_CONVERSION = YES;
				GCC_WARN_ABOUT_RETURN_TYPE = YES_ERROR;
				GCC_WARN_UNDECLARED_SELECTOR = YES;
				GCC_WARN_UNINITIALIZED_AUTOS = YES_AGGRESSIVE;
				GCC_WARN_UNUSED_FUNCTION = YES;
				GCC_WARN_UNUSED_VARIABLE = YES;
				MACOSX_DEPLOYMENT_TARGET = 10.15;
				MTL_ENABLE_DEBUG_INFO = NO;
				MTL_FAST_MATH = YES;
				OTHER_CPLUSPLUSFLAGS = (
					"$(OTHER_CFLAGS)",
					"-fcoroutines-ts",
					"-D__NO_SPIN",
				);
				SDKROOT = macosx;
			};
			name = Release;
		};
		CA47C20224B7086100B9C828 /* Debug */ = {
			isa = XCBuildConfiguration;
			buildSettings = {
				CLANG_CXX_LANGUAGE_STANDARD = "c++17";
				CODE_SIGN_STYLE = Automatic;
				GCC_C_LANGUAGE_STANDARD = c11;
				PRODUCT_NAME = "$(TARGET_NAME)";
			};
			name = Debug;
		};
		CA47C20324B7086100B9C828 /* Release */ = {
			isa = XCBuildConfiguration;
			buildSettings = {
				CLANG_CXX_LANGUAGE_STANDARD = "c++17";
				CODE_SIGN_STYLE = Automatic;
				GCC_C_LANGUAGE_STANDARD = c11;
				PRODUCT_NAME = "$(TARGET_NAME)";
			};
			name = Release;
		};
/* End XCBuildConfiguration section */

/* Begin XCConfigurationList section */
		CA47C1F524B7086100B9C828 /* Build configuration list for PBXProject "aarc" */ = {
			isa = XCConfigurationList;
			buildConfigurations = (
				CA47C1FF24B7086100B9C828 /* Debug */,
				CA47C20024B7086100B9C828 /* Release */,
			);
			defaultConfigurationIsVisible = 0;
			defaultConfigurationName = Release;
		};
		CA47C20124B7086100B9C828 /* Build configuration list for PBXNativeTarget "aarc" */ = {
			isa = XCConfigurationList;
			buildConfigurations = (
				CA47C20224B7086100B9C828 /* Debug */,
				CA47C20324B7086100B9C828 /* Release */,
			);
			defaultConfigurationIsVisible = 0;
			defaultConfigurationName = Release;
		};
/* End XCConfigurationList section */
	};
	rootObject = CA47C1F224B7086100B9C828 /* Project object */;
}
